
Microsoft Visual Studio Solution File, Format Version 12.00
# Visual Studio 2012
Project("{2150E333-8FDC-42A3-9474-1A3956D46DE8}") = ".nuget", ".nuget", "{37143218-7E72-4A96-AC02-A5A1712B5DB2}"
	ProjectSection(SolutionItems) = preProject
		.nuget\NuGet.Config = .nuget\NuGet.Config
		.nuget\nuget.exe = .nuget\nuget.exe
		.nuget\NuGet.targets = .nuget\NuGet.targets
	EndProjectSection
EndProject
Project("{EDCC3B85-0BAD-11DB-BC1A-00112FDE8B61}") = "NemerleWeb", "NemerleWeb\NemerleWeb.nproj", "{B1635FEA-C0CD-4C8E-A18E-D97D59F21B14}"
EndProject
Project("{EDCC3B85-0BAD-11DB-BC1A-00112FDE8B61}") = "MVCTest", "MVCTest\MVCTest.nproj", "{C930DE6F-CDB7-412B-AD69-6E979B919F45}"
EndProject
Project("{EDCC3B85-0BAD-11DB-BC1A-00112FDE8B61}") = "NemerleWeb.Utils", "NemerleWeb.Utils\NemerleWeb.Utils.nproj", "{A350D2D6-BBE8-4535-BDAC-9A8CF9F07FCF}"
EndProject
Project("{EDCC3B85-0BAD-11DB-BC1A-00112FDE8B61}") = "NemerleWeb.Tests", "NemerleWeb.Tests\NemerleWeb.Tests.nproj", "{B3748A04-4DB2-4668-8ABA-3E076572258E}"
EndProject
Global
	GlobalSection(SolutionConfigurationPlatforms) = preSolution
		Debug|Any CPU = Debug|Any CPU
		Release|Any CPU = Release|Any CPU
	EndGlobalSection
	GlobalSection(ProjectConfigurationPlatforms) = postSolution
		{B1635FEA-C0CD-4C8E-A18E-D97D59F21B14}.Debug|Any CPU.ActiveCfg = Debug|Any CPU
		{B1635FEA-C0CD-4C8E-A18E-D97D59F21B14}.Debug|Any CPU.Build.0 = Debug|Any CPU
		{B1635FEA-C0CD-4C8E-A18E-D97D59F21B14}.Release|Any CPU.ActiveCfg = Release|Any CPU
		{B1635FEA-C0CD-4C8E-A18E-D97D59F21B14}.Release|Any CPU.Build.0 = Release|Any CPU
		{C930DE6F-CDB7-412B-AD69-6E979B919F45}.Debug|Any CPU.ActiveCfg = Debug|Any CPU
		{C930DE6F-CDB7-412B-AD69-6E979B919F45}.Debug|Any CPU.Build.0 = Debug|Any CPU
		{C930DE6F-CDB7-412B-AD69-6E979B919F45}.Release|Any CPU.ActiveCfg = Release|Any CPU
		{C930DE6F-CDB7-412B-AD69-6E979B919F45}.Release|Any CPU.Build.0 = Release|Any CPU
		{A350D2D6-BBE8-4535-BDAC-9A8CF9F07FCF}.Debug|Any CPU.ActiveCfg = Debug|Any CPU
		{A350D2D6-BBE8-4535-BDAC-9A8CF9F07FCF}.Debug|Any CPU.Build.0 = Debug|Any CPU
		{A350D2D6-BBE8-4535-BDAC-9A8CF9F07FCF}.Release|Any CPU.ActiveCfg = Release|Any CPU
		{A350D2D6-BBE8-4535-BDAC-9A8CF9F07FCF}.Release|Any CPU.Build.0 = Release|Any CPU
		{B3748A04-4DB2-4668-8ABA-3E076572258E}.Debug|Any CPU.ActiveCfg = Debug|Any CPU
		{B3748A04-4DB2-4668-8ABA-3E076572258E}.Debug|Any CPU.Build.0 = Debug|Any CPU
		{B3748A04-4DB2-4668-8ABA-3E076572258E}.Release|Any CPU.ActiveCfg = Release|Any CPU
		{B3748A04-4DB2-4668-8ABA-3E076572258E}.Release|Any CPU.Build.0 = Release|Any CPU
	EndGlobalSection
	GlobalSection(SolutionProperties) = preSolution
		HideSolutionNode = FALSE
	EndGlobalSection
EndGlobal
