
Microsoft Visual Studio Solution File, Format Version 12.00
# Visual Studio 2012
Project("{EDCC3B85-0BAD-11DB-BC1A-00112FDE8B61}") = "NemerleWeb.Website", "NemerleWeb.Website\NemerleWeb.Website.nproj", "{528E84E5-86EE-4771-B8F9-EE3373629D93}"
EndProject
Project("{EDCC3B85-0BAD-11DB-BC1A-00112FDE8B61}") = "NemerleWeb.Tests.Macro", "NemerleWeb.Tests.Macro\NemerleWeb.Tests.Macro.nproj", "{1D616985-5E18-44E1-8F74-D2AC69C3DC6F}"
EndProject
Project("{EDCC3B85-0BAD-11DB-BC1A-00112FDE8B61}") = "NemerleWeb.TypedJS", "NemerleWeb.TypedJS\NemerleWeb.TypedJS.nproj", "{65C01C91-F57A-4281-B09F-15BAA5AC3CC6}"
EndProject
Project("{EDCC3B85-0BAD-11DB-BC1A-00112FDE8B61}") = "NemerleWeb", "NemerleWeb\NemerleWeb.nproj", "{B1635FEA-C0CD-4C8E-A18E-D97D59F21B14}"
EndProject
Project("{EDCC3B85-0BAD-11DB-BC1A-00112FDE8B61}") = "NemerleWeb.Macros", "NemerleWeb.Macros\NemerleWeb.Macros.nproj", "{B1454534-CABD-4ABE-CC8E-DDFF34F51B14}"
EndProject
Project("{EDCC3B85-0BAD-11DB-BC1A-00112FDE8B61}") = "TSParser", "TSParser\TSParser.nproj", "{ABCBBBEA-C0CD-4C8E-A18E-D97D59F21B14}"
EndProject
Global
	GlobalSection(SolutionConfigurationPlatforms) = preSolution
		Debug|Any CPU = Debug|Any CPU
		Release|Any CPU = Release|Any CPU
	EndGlobalSection
	GlobalSection(ProjectConfigurationPlatforms) = postSolution
		{528E84E5-86EE-4771-B8F9-EE3373629D93}.Debug|Any CPU.ActiveCfg = Debug|Any CPU
		{528E84E5-86EE-4771-B8F9-EE3373629D93}.Debug|Any CPU.Build.0 = Debug|Any CPU
		{528E84E5-86EE-4771-B8F9-EE3373629D93}.Release|Any CPU.ActiveCfg = Release|Any CPU
		{528E84E5-86EE-4771-B8F9-EE3373629D93}.Release|Any CPU.Build.0 = Release|Any CPU
		{1D616985-5E18-44E1-8F74-D2AC69C3DC6F}.Debug|Any CPU.ActiveCfg = Debug|Any CPU
		{1D616985-5E18-44E1-8F74-D2AC69C3DC6F}.Debug|Any CPU.Build.0 = Debug|Any CPU
		{1D616985-5E18-44E1-8F74-D2AC69C3DC6F}.Release|Any CPU.ActiveCfg = Release|Any CPU
		{1D616985-5E18-44E1-8F74-D2AC69C3DC6F}.Release|Any CPU.Build.0 = Release|Any CPU
		{65C01C91-F57A-4281-B09F-15BAA5AC3CC6}.Debug|Any CPU.ActiveCfg = Debug|Any CPU
		{65C01C91-F57A-4281-B09F-15BAA5AC3CC6}.Debug|Any CPU.Build.0 = Debug|Any CPU
		{65C01C91-F57A-4281-B09F-15BAA5AC3CC6}.Release|Any CPU.ActiveCfg = Release|Any CPU
		{65C01C91-F57A-4281-B09F-15BAA5AC3CC6}.Release|Any CPU.Build.0 = Release|Any CPU
		{B1635FEA-C0CD-4C8E-A18E-D97D59F21B14}.Debug|Any CPU.ActiveCfg = Debug|Any CPU
		{B1635FEA-C0CD-4C8E-A18E-D97D59F21B14}.Debug|Any CPU.Build.0 = Debug|Any CPU
		{B1635FEA-C0CD-4C8E-A18E-D97D59F21B14}.Release|Any CPU.ActiveCfg = Release|Any CPU
		{B1635FEA-C0CD-4C8E-A18E-D97D59F21B14}.Release|Any CPU.Build.0 = Release|Any CPU
		{B1454534-CABD-4ABE-CC8E-DDFF34F51B14}.Debug|Any CPU.ActiveCfg = Debug|Any CPU
		{B1454534-CABD-4ABE-CC8E-DDFF34F51B14}.Debug|Any CPU.Build.0 = Debug|Any CPU
		{B1454534-CABD-4ABE-CC8E-DDFF34F51B14}.Release|Any CPU.ActiveCfg = Release|Any CPU
		{B1454534-CABD-4ABE-CC8E-DDFF34F51B14}.Release|Any CPU.Build.0 = Release|Any CPU
		{ABCBBBEA-C0CD-4C8E-A18E-D97D59F21B14}.Debug|Any CPU.ActiveCfg = Debug|Any CPU
		{ABCBBBEA-C0CD-4C8E-A18E-D97D59F21B14}.Debug|Any CPU.Build.0 = Debug|Any CPU
		{ABCBBBEA-C0CD-4C8E-A18E-D97D59F21B14}.Release|Any CPU.ActiveCfg = Release|Any CPU
		{ABCBBBEA-C0CD-4C8E-A18E-D97D59F21B14}.Release|Any CPU.Build.0 = Release|Any CPU
	EndGlobalSection
	GlobalSection(SolutionProperties) = preSolution
		HideSolutionNode = FALSE
	EndGlobalSection
EndGlobal
