
Microsoft Visual Studio Solution File, Format Version 12.00
# Visual Studio 2012
Project("{EDCC3B85-0BAD-11DB-BC1A-00112FDE8B61}") = "NemerleWeb.Tests.Macro", "NemerleWeb.Tests.Macro\NemerleWeb.Tests.Macro.nproj", "{1D616985-5E18-44E1-8F74-D2AC69C3DC6F}"
EndProject
Project("{EDCC3B85-0BAD-11DB-BC1A-00112FDE8B61}") = "NemerleWeb.TypedJS", "NemerleWeb.TypedJS\NemerleWeb.TypedJS.nproj", "{65C01C91-F57A-4281-B09F-15BAA5AC3CC6}"
EndProject
Project("{EDCC3B85-0BAD-11DB-BC1A-00112FDE8B61}") = "NemerleWeb", "NemerleWeb\NemerleWeb.nproj", "{B1635FEA-C0CD-4C8E-A18E-D97D59F21B14}"
EndProject
Project("{EDCC3B85-0BAD-11DB-BC1A-00112FDE8B61}") = "NemerleWeb.Macros", "NemerleWeb.Macros\NemerleWeb.Macros.nproj", "{B1454534-CABD-4ABE-CC8E-DDFF34F51B14}"
EndProject
Project("{EDCC3B85-0BAD-11DB-BC1A-00112FDE8B61}") = "TSParser", "TSParser\TSParser.nproj", "{ABCBBBEA-C0CD-4C8E-A18E-D97D59F21B14}"
EndProject
Project("{EDCC3B85-0BAD-11DB-BC1A-00112FDE8B61}") = "Nemerle.Peg-VS_2010", "peg-parser\Nemerle.Peg\Nemerle.Peg-VS_2010.nproj", "{76DB8B13-A01A-47BD-98BE-F2D3755770FE}"
EndProject
Project("{EDCC3B85-0BAD-11DB-BC1A-00112FDE8B61}") = "Nemerle.Peg.Macros-VS_2010", "peg-parser\Nemerle.Peg.Macros\Nemerle.Peg.Macros-VS_2010.nproj", "{388424BD-C3A5-4C01-B84B-6C1BB9A9CC8E}"
EndProject
Project("{EDCC3B85-0BAD-11DB-BC1A-00112FDE8B61}") = "Calculator-VS_2010", "peg-parser\Calculator\Calculator-VS_2010.nproj", "{DBABC305-AF6E-40D6-8E79-1E3F36FBD879}"
EndProject
Project("{EDCC3B85-0BAD-11DB-BC1A-00112FDE8B61}") = "CSharpParser-VS_2010", "peg-parser\CSharpParser\CSharpParser-VS_2010-optimize.nproj", "{3965AF53-CE45-4E96-BC7F-0795F67382F4}"
EndProject
Project("{EDCC3B85-0BAD-11DB-BC1A-00112FDE8B61}") = "Nemerle.Json.Macros-VS_2010", "peg-parser\Json\Nemerle.Json.Macros\Nemerle.Json.Macros-VS_2010.nproj", "{E5E664D3-29A2-41A9-A4DC-A44AC0C386A3}"
EndProject
Project("{EDCC3B85-0BAD-11DB-BC1A-00112FDE8B61}") = "Nemerle.Json-VS_2010", "peg-parser\Json\Nemerle.Json\Nemerle.Json-VS_2010.nproj", "{5F0FEE19-6857-47D6-B669-EE0A03E5D047}"
EndProject
Project("{EDCC3B85-0BAD-11DB-BC1A-00112FDE8B61}") = "JSParser-VS_2010", "peg-parser\JSParser\JSParser-VS_2010.nproj", "{F440F161-D644-4004-B4F0-A9DFA001039E}"
EndProject
Project("{EDCC3B85-0BAD-11DB-BC1A-00112FDE8B61}") = "TSParserPeg", "peg-parser\TSParserPeg\TSParserPeg.nproj", "{CFCB42E2-C0CD-4C83-A18E-D97149F21B14}"
EndProject
Project("{EDCC3B85-0BAD-11DB-BC1A-00112FDE8B61}") = "NemerleWeb.Rsdn", "NemerleWeb.RSDN\NemerleWeb.Rsdn.nproj", "{528E84E5-86EE-4771-B8F9-EE3373629D93}"
EndProject
Project("{FAE04EC0-301F-11D3-BF4B-00C04F79EFBC}") = "NemerleWeb.ItemTemplate", "NemerleWeb.ItemTemplate\NemerleWeb.ItemTemplate.csproj", "{C63B6C30-7D00-4367-9B48-DF06232D3E9B}"
EndProject
Project("{EDCC3B85-0BAD-11DB-BC1A-00112FDE8B61}") = "Test", "Test\Test.nproj", "{F3C3F693-3D23-46B2-9CF7-88A865EFC39F}"
EndProject
Project("{FAE04EC0-301F-11D3-BF4B-00C04F79EFBC}") = "NemerleWeb.ProjectTemplate", "NemerleWeb.ProjectTemplate\NemerleWeb.ProjectTemplate.csproj", "{290D3D2C-51B2-4286-B3EF-47F3C7607F20}"
EndProject
Global
	GlobalSection(SolutionConfigurationPlatforms) = preSolution
		Debug|Any CPU = Debug|Any CPU
		Release|Any CPU = Release|Any CPU
	EndGlobalSection
	GlobalSection(ProjectConfigurationPlatforms) = postSolution
		{1D616985-5E18-44E1-8F74-D2AC69C3DC6F}.Debug|Any CPU.ActiveCfg = Debug|Any CPU
		{1D616985-5E18-44E1-8F74-D2AC69C3DC6F}.Debug|Any CPU.Build.0 = Debug|Any CPU
		{1D616985-5E18-44E1-8F74-D2AC69C3DC6F}.Release|Any CPU.ActiveCfg = Release|Any CPU
		{1D616985-5E18-44E1-8F74-D2AC69C3DC6F}.Release|Any CPU.Build.0 = Release|Any CPU
		{65C01C91-F57A-4281-B09F-15BAA5AC3CC6}.Debug|Any CPU.ActiveCfg = Debug|Any CPU
		{65C01C91-F57A-4281-B09F-15BAA5AC3CC6}.Debug|Any CPU.Build.0 = Debug|Any CPU
		{65C01C91-F57A-4281-B09F-15BAA5AC3CC6}.Release|Any CPU.ActiveCfg = Release|Any CPU
		{65C01C91-F57A-4281-B09F-15BAA5AC3CC6}.Release|Any CPU.Build.0 = Release|Any CPU
		{B1635FEA-C0CD-4C8E-A18E-D97D59F21B14}.Debug|Any CPU.ActiveCfg = Debug|Any CPU
		{B1635FEA-C0CD-4C8E-A18E-D97D59F21B14}.Debug|Any CPU.Build.0 = Debug|Any CPU
		{B1635FEA-C0CD-4C8E-A18E-D97D59F21B14}.Release|Any CPU.ActiveCfg = Release|Any CPU
		{B1635FEA-C0CD-4C8E-A18E-D97D59F21B14}.Release|Any CPU.Build.0 = Release|Any CPU
		{B1454534-CABD-4ABE-CC8E-DDFF34F51B14}.Debug|Any CPU.ActiveCfg = Debug|Any CPU
		{B1454534-CABD-4ABE-CC8E-DDFF34F51B14}.Debug|Any CPU.Build.0 = Debug|Any CPU
		{B1454534-CABD-4ABE-CC8E-DDFF34F51B14}.Release|Any CPU.ActiveCfg = Release|Any CPU
		{B1454534-CABD-4ABE-CC8E-DDFF34F51B14}.Release|Any CPU.Build.0 = Release|Any CPU
		{ABCBBBEA-C0CD-4C8E-A18E-D97D59F21B14}.Debug|Any CPU.ActiveCfg = Debug|Any CPU
		{ABCBBBEA-C0CD-4C8E-A18E-D97D59F21B14}.Debug|Any CPU.Build.0 = Debug|Any CPU
		{ABCBBBEA-C0CD-4C8E-A18E-D97D59F21B14}.Release|Any CPU.ActiveCfg = Release|Any CPU
		{ABCBBBEA-C0CD-4C8E-A18E-D97D59F21B14}.Release|Any CPU.Build.0 = Release|Any CPU
		{76DB8B13-A01A-47BD-98BE-F2D3755770FE}.Debug|Any CPU.ActiveCfg = Debug|Any CPU
		{76DB8B13-A01A-47BD-98BE-F2D3755770FE}.Debug|Any CPU.Build.0 = Debug|Any CPU
		{76DB8B13-A01A-47BD-98BE-F2D3755770FE}.Release|Any CPU.ActiveCfg = Release|Any CPU
		{76DB8B13-A01A-47BD-98BE-F2D3755770FE}.Release|Any CPU.Build.0 = Release|Any CPU
		{388424BD-C3A5-4C01-B84B-6C1BB9A9CC8E}.Debug|Any CPU.ActiveCfg = Debug|Any CPU
		{388424BD-C3A5-4C01-B84B-6C1BB9A9CC8E}.Debug|Any CPU.Build.0 = Debug|Any CPU
		{388424BD-C3A5-4C01-B84B-6C1BB9A9CC8E}.Release|Any CPU.ActiveCfg = Release|Any CPU
		{388424BD-C3A5-4C01-B84B-6C1BB9A9CC8E}.Release|Any CPU.Build.0 = Release|Any CPU
		{DBABC305-AF6E-40D6-8E79-1E3F36FBD879}.Debug|Any CPU.ActiveCfg = Debug|Any CPU
		{DBABC305-AF6E-40D6-8E79-1E3F36FBD879}.Debug|Any CPU.Build.0 = Debug|Any CPU
		{DBABC305-AF6E-40D6-8E79-1E3F36FBD879}.Release|Any CPU.ActiveCfg = Release|Any CPU
		{DBABC305-AF6E-40D6-8E79-1E3F36FBD879}.Release|Any CPU.Build.0 = Release|Any CPU
		{3965AF53-CE45-4E96-BC7F-0795F67382F4}.Debug|Any CPU.ActiveCfg = Debug|Any CPU
		{3965AF53-CE45-4E96-BC7F-0795F67382F4}.Debug|Any CPU.Build.0 = Debug|Any CPU
		{3965AF53-CE45-4E96-BC7F-0795F67382F4}.Release|Any CPU.ActiveCfg = Release|Any CPU
		{3965AF53-CE45-4E96-BC7F-0795F67382F4}.Release|Any CPU.Build.0 = Release|Any CPU
		{E5E664D3-29A2-41A9-A4DC-A44AC0C386A3}.Debug|Any CPU.ActiveCfg = Debug|Any CPU
		{E5E664D3-29A2-41A9-A4DC-A44AC0C386A3}.Debug|Any CPU.Build.0 = Debug|Any CPU
		{E5E664D3-29A2-41A9-A4DC-A44AC0C386A3}.Release|Any CPU.ActiveCfg = Release|Any CPU
		{E5E664D3-29A2-41A9-A4DC-A44AC0C386A3}.Release|Any CPU.Build.0 = Release|Any CPU
		{5F0FEE19-6857-47D6-B669-EE0A03E5D047}.Debug|Any CPU.ActiveCfg = Debug|Any CPU
		{5F0FEE19-6857-47D6-B669-EE0A03E5D047}.Debug|Any CPU.Build.0 = Debug|Any CPU
		{5F0FEE19-6857-47D6-B669-EE0A03E5D047}.Release|Any CPU.ActiveCfg = Release|Any CPU
		{5F0FEE19-6857-47D6-B669-EE0A03E5D047}.Release|Any CPU.Build.0 = Release|Any CPU
		{F440F161-D644-4004-B4F0-A9DFA001039E}.Debug|Any CPU.ActiveCfg = Debug|Any CPU
		{F440F161-D644-4004-B4F0-A9DFA001039E}.Debug|Any CPU.Build.0 = Debug|Any CPU
		{F440F161-D644-4004-B4F0-A9DFA001039E}.Release|Any CPU.ActiveCfg = Release|Any CPU
		{F440F161-D644-4004-B4F0-A9DFA001039E}.Release|Any CPU.Build.0 = Release|Any CPU
		{CFCB42E2-C0CD-4C83-A18E-D97149F21B14}.Debug|Any CPU.ActiveCfg = Debug|Any CPU
		{CFCB42E2-C0CD-4C83-A18E-D97149F21B14}.Debug|Any CPU.Build.0 = Debug|Any CPU
		{CFCB42E2-C0CD-4C83-A18E-D97149F21B14}.Release|Any CPU.ActiveCfg = Release|Any CPU
		{CFCB42E2-C0CD-4C83-A18E-D97149F21B14}.Release|Any CPU.Build.0 = Release|Any CPU
		{528E84E5-86EE-4771-B8F9-EE3373629D93}.Debug|Any CPU.ActiveCfg = Debug|Any CPU
		{528E84E5-86EE-4771-B8F9-EE3373629D93}.Debug|Any CPU.Build.0 = Debug|Any CPU
		{528E84E5-86EE-4771-B8F9-EE3373629D93}.Release|Any CPU.ActiveCfg = Release|Any CPU
		{528E84E5-86EE-4771-B8F9-EE3373629D93}.Release|Any CPU.Build.0 = Release|Any CPU
		{C63B6C30-7D00-4367-9B48-DF06232D3E9B}.Debug|Any CPU.ActiveCfg = Debug|Any CPU
		{C63B6C30-7D00-4367-9B48-DF06232D3E9B}.Debug|Any CPU.Build.0 = Debug|Any CPU
		{C63B6C30-7D00-4367-9B48-DF06232D3E9B}.Release|Any CPU.ActiveCfg = Release|Any CPU
		{C63B6C30-7D00-4367-9B48-DF06232D3E9B}.Release|Any CPU.Build.0 = Release|Any CPU
		{F3C3F693-3D23-46B2-9CF7-88A865EFC39F}.Debug|Any CPU.ActiveCfg = Debug|Any CPU
		{F3C3F693-3D23-46B2-9CF7-88A865EFC39F}.Debug|Any CPU.Build.0 = Debug|Any CPU
		{F3C3F693-3D23-46B2-9CF7-88A865EFC39F}.Release|Any CPU.ActiveCfg = Release|Any CPU
		{F3C3F693-3D23-46B2-9CF7-88A865EFC39F}.Release|Any CPU.Build.0 = Release|Any CPU
		{290D3D2C-51B2-4286-B3EF-47F3C7607F20}.Debug|Any CPU.ActiveCfg = Debug|Any CPU
		{290D3D2C-51B2-4286-B3EF-47F3C7607F20}.Debug|Any CPU.Build.0 = Debug|Any CPU
		{290D3D2C-51B2-4286-B3EF-47F3C7607F20}.Release|Any CPU.ActiveCfg = Release|Any CPU
		{290D3D2C-51B2-4286-B3EF-47F3C7607F20}.Release|Any CPU.Build.0 = Release|Any CPU
	EndGlobalSection
	GlobalSection(SolutionProperties) = preSolution
		HideSolutionNode = FALSE
	EndGlobalSection
EndGlobal
