
Microsoft Visual Studio Solution File, Format Version 12.00
# Visual Studio 2012
Project("{FAE04EC0-301F-11D3-BF4B-00C04F79EFBC}") = "NemerleWeb.VSIX", "NemerleWeb.VSIX\NemerleWeb.VSIX.csproj", "{47789AB8-5ACC-47DA-BDF7-78A47286A1E3}"
EndProject
Project("{FAE04EC0-301F-11D3-BF4B-00C04F79EFBC}") = "NemerleWeb.ProjectTemplate", "NemerleWeb.ProjectTemplate\NemerleWeb.ProjectTemplate.csproj", "{290D3D2C-51B2-4286-B3EF-47F3C7607F20}"
EndProject
Project("{FAE04EC0-301F-11D3-BF4B-00C04F79EFBC}") = "NemerleWeb.ItemTemplate", "NemerleWeb.ItemTemplate\NemerleWeb.ItemTemplate.csproj", "{C63B6C30-7D00-4367-9B48-DF06232D3E9B}"
EndProject
Global
	GlobalSection(SolutionConfigurationPlatforms) = preSolution
		Debug|Any CPU = Debug|Any CPU
		Release|Any CPU = Release|Any CPU
	EndGlobalSection
	GlobalSection(ProjectConfigurationPlatforms) = postSolution
		{47789AB8-5ACC-47DA-BDF7-78A47286A1E3}.Debug|Any CPU.ActiveCfg = Debug|Any CPU
		{47789AB8-5ACC-47DA-BDF7-78A47286A1E3}.Debug|Any CPU.Build.0 = Debug|Any CPU
		{47789AB8-5ACC-47DA-BDF7-78A47286A1E3}.Release|Any CPU.ActiveCfg = Release|Any CPU
		{47789AB8-5ACC-47DA-BDF7-78A47286A1E3}.Release|Any CPU.Build.0 = Release|Any CPU
		{290D3D2C-51B2-4286-B3EF-47F3C7607F20}.Debug|Any CPU.ActiveCfg = Debug|Any CPU
		{290D3D2C-51B2-4286-B3EF-47F3C7607F20}.Debug|Any CPU.Build.0 = Debug|Any CPU
		{290D3D2C-51B2-4286-B3EF-47F3C7607F20}.Release|Any CPU.ActiveCfg = Release|Any CPU
		{290D3D2C-51B2-4286-B3EF-47F3C7607F20}.Release|Any CPU.Build.0 = Release|Any CPU
		{C63B6C30-7D00-4367-9B48-DF06232D3E9B}.Debug|Any CPU.ActiveCfg = Debug|Any CPU
		{C63B6C30-7D00-4367-9B48-DF06232D3E9B}.Debug|Any CPU.Build.0 = Debug|Any CPU
		{C63B6C30-7D00-4367-9B48-DF06232D3E9B}.Release|Any CPU.ActiveCfg = Release|Any CPU
		{C63B6C30-7D00-4367-9B48-DF06232D3E9B}.Release|Any CPU.Build.0 = Release|Any CPU
	EndGlobalSection
	GlobalSection(SolutionProperties) = preSolution
		HideSolutionNode = FALSE
	EndGlobalSection
EndGlobal
