
Microsoft Visual Studio Solution File, Format Version 12.00
# Visual Studio 2012
Project("{2150E333-8FDC-42A3-9474-1A3956D46DE8}") = ".nuget", ".nuget", "{37143218-7E72-4A96-AC02-A5A1712B5DB2}"
	ProjectSection(SolutionItems) = preProject
		.nuget\NuGet.Config = .nuget\NuGet.Config
		.nuget\nuget.exe = .nuget\nuget.exe
		.nuget\NuGet.targets = .nuget\NuGet.targets
	EndProjectSection
EndProject
Project("{EDCC3B85-0BAD-11DB-BC1A-00112FDE8B61}") = "NemerleWeb", "NemerleWeb\NemerleWeb.nproj", "{B1635FEA-C0CD-4C8E-A18E-D97D59F21B14}"
EndProject
Project("{EDCC3B85-0BAD-11DB-BC1A-00112FDE8B61}") = "NemerleWeb.Macros", "NemerleWeb.Macros\NemerleWeb.Macros.nproj", "{B1454534-CABD-4ABE-CC8E-DDFF34F51B14}"
EndProject
Project("{EDCC3B85-0BAD-11DB-BC1A-00112FDE8B61}") = "TSParser", "TSParser\TSParser.nproj", "{ABCBBBEA-C0CD-4C8E-A18E-D97D59F21B14}"
EndProject
Project("{EDCC3B85-0BAD-11DB-BC1A-00112FDE8B61}") = "NemerleWeb.TypedJS", "NemerleWeb.TypedJS\NemerleWeb.TypedJS.nproj", "{65C01C91-F57A-4281-B09F-15BAA5AC3CC6}"
EndProject
Project("{EDCC3B85-0BAD-11DB-BC1A-00112FDE8B61}") = "NemerleWeb.Rsdn", "NemerleWeb.RSDN\NemerleWeb.Rsdn.nproj", "{528E84E5-86EE-4771-B8F9-EE3373629D93}"
EndProject
Project("{EDCC3B85-0BAD-11DB-BC1A-00112FDE8B61}") = "NemerleWeb.Tests.Macro", "NemerleWeb.Tests.Macro\NemerleWeb.Tests.Macro.nproj", "{1D616985-5E18-44E1-8F74-D2AC69C3DC6F}"
EndProject
Project("{EDCC3B85-0BAD-11DB-BC1A-00112FDE8B61}") = "NemerleWeb.Website", "NemerleWeb.Website\NemerleWeb.Website.nproj", "{837F8D8F-B2B7-4BFB-81D3-3C168F86173C}"
EndProject
Project("{FAE04EC0-301F-11D3-BF4B-00C04F79EFBC}") = "NemerleWeb.VSIX", "NemerleWeb.VSIX\NemerleWeb.VSIX.csproj", "{47789AB8-5ACC-47DA-BDF7-78A47286A1E3}"
EndProject
Project("{EDCC3B85-0BAD-11DB-BC1A-00112FDE8B61}") = "TSParserTest", "TSParserTest\TSParserTest.nproj", "{30999709-92BD-40AB-859C-CDC9BFDF39CB}"
EndProject
Project("{FAE04EC0-301F-11D3-BF4B-00C04F79EFBC}") = "NemerleWeb.ItemTemplate", "NemerleWeb.ItemTemplate\NemerleWeb.ItemTemplate.csproj", "{C63B6C30-7D00-4367-9B48-DF06232D3E9B}"
EndProject
Project("{EDCC3B85-0BAD-11DB-BC1A-00112FDE8B61}") = "Test", "Test\Test.nproj", "{F3C3F693-3D23-46B2-9CF7-88A865EFC39F}"
EndProject
Project("{FAE04EC0-301F-11D3-BF4B-00C04F79EFBC}") = "NemerleWeb.ProjectTemplate", "NemerleWeb.ProjectTemplate\NemerleWeb.ProjectTemplate.csproj", "{290D3D2C-51B2-4286-B3EF-47F3C7607F20}"
EndProject
Global
	GlobalSection(SolutionConfigurationPlatforms) = preSolution
		Debug|Any CPU = Debug|Any CPU
		Release|Any CPU = Release|Any CPU
	EndGlobalSection
	GlobalSection(ProjectConfigurationPlatforms) = postSolution
		{B1635FEA-C0CD-4C8E-A18E-D97D59F21B14}.Debug|Any CPU.ActiveCfg = Debug|Any CPU
		{B1635FEA-C0CD-4C8E-A18E-D97D59F21B14}.Debug|Any CPU.Build.0 = Debug|Any CPU
		{B1635FEA-C0CD-4C8E-A18E-D97D59F21B14}.Release|Any CPU.ActiveCfg = Release|Any CPU
		{B1635FEA-C0CD-4C8E-A18E-D97D59F21B14}.Release|Any CPU.Build.0 = Release|Any CPU
		{B1454534-CABD-4ABE-CC8E-DDFF34F51B14}.Debug|Any CPU.ActiveCfg = Debug|Any CPU
		{B1454534-CABD-4ABE-CC8E-DDFF34F51B14}.Debug|Any CPU.Build.0 = Debug|Any CPU
		{B1454534-CABD-4ABE-CC8E-DDFF34F51B14}.Release|Any CPU.ActiveCfg = Release|Any CPU
		{B1454534-CABD-4ABE-CC8E-DDFF34F51B14}.Release|Any CPU.Build.0 = Release|Any CPU
		{ABCBBBEA-C0CD-4C8E-A18E-D97D59F21B14}.Debug|Any CPU.ActiveCfg = Debug|Any CPU
		{ABCBBBEA-C0CD-4C8E-A18E-D97D59F21B14}.Debug|Any CPU.Build.0 = Debug|Any CPU
		{ABCBBBEA-C0CD-4C8E-A18E-D97D59F21B14}.Release|Any CPU.ActiveCfg = Release|Any CPU
		{ABCBBBEA-C0CD-4C8E-A18E-D97D59F21B14}.Release|Any CPU.Build.0 = Release|Any CPU
		{65C01C91-F57A-4281-B09F-15BAA5AC3CC6}.Debug|Any CPU.ActiveCfg = Debug|Any CPU
		{65C01C91-F57A-4281-B09F-15BAA5AC3CC6}.Debug|Any CPU.Build.0 = Debug|Any CPU
		{65C01C91-F57A-4281-B09F-15BAA5AC3CC6}.Release|Any CPU.ActiveCfg = Release|Any CPU
		{65C01C91-F57A-4281-B09F-15BAA5AC3CC6}.Release|Any CPU.Build.0 = Release|Any CPU
		{528E84E5-86EE-4771-B8F9-EE3373629D93}.Debug|Any CPU.ActiveCfg = Debug|Any CPU
		{528E84E5-86EE-4771-B8F9-EE3373629D93}.Debug|Any CPU.Build.0 = Debug|Any CPU
		{528E84E5-86EE-4771-B8F9-EE3373629D93}.Release|Any CPU.ActiveCfg = Release|Any CPU
		{528E84E5-86EE-4771-B8F9-EE3373629D93}.Release|Any CPU.Build.0 = Release|Any CPU
		{1D616985-5E18-44E1-8F74-D2AC69C3DC6F}.Debug|Any CPU.ActiveCfg = Debug|Any CPU
		{1D616985-5E18-44E1-8F74-D2AC69C3DC6F}.Debug|Any CPU.Build.0 = Debug|Any CPU
		{1D616985-5E18-44E1-8F74-D2AC69C3DC6F}.Release|Any CPU.ActiveCfg = Release|Any CPU
		{1D616985-5E18-44E1-8F74-D2AC69C3DC6F}.Release|Any CPU.Build.0 = Release|Any CPU
		{837F8D8F-B2B7-4BFB-81D3-3C168F86173C}.Debug|Any CPU.ActiveCfg = Debug|Any CPU
		{837F8D8F-B2B7-4BFB-81D3-3C168F86173C}.Debug|Any CPU.Build.0 = Debug|Any CPU
		{837F8D8F-B2B7-4BFB-81D3-3C168F86173C}.Release|Any CPU.ActiveCfg = Release|Any CPU
		{837F8D8F-B2B7-4BFB-81D3-3C168F86173C}.Release|Any CPU.Build.0 = Release|Any CPU
		{47789AB8-5ACC-47DA-BDF7-78A47286A1E3}.Debug|Any CPU.ActiveCfg = Debug|Any CPU
		{47789AB8-5ACC-47DA-BDF7-78A47286A1E3}.Debug|Any CPU.Build.0 = Debug|Any CPU
		{47789AB8-5ACC-47DA-BDF7-78A47286A1E3}.Release|Any CPU.ActiveCfg = Release|Any CPU
		{47789AB8-5ACC-47DA-BDF7-78A47286A1E3}.Release|Any CPU.Build.0 = Release|Any CPU
		{30999709-92BD-40AB-859C-CDC9BFDF39CB}.Debug|Any CPU.ActiveCfg = Debug|Any CPU
		{30999709-92BD-40AB-859C-CDC9BFDF39CB}.Debug|Any CPU.Build.0 = Debug|Any CPU
		{30999709-92BD-40AB-859C-CDC9BFDF39CB}.Release|Any CPU.ActiveCfg = Release|Any CPU
		{30999709-92BD-40AB-859C-CDC9BFDF39CB}.Release|Any CPU.Build.0 = Release|Any CPU
		{C63B6C30-7D00-4367-9B48-DF06232D3E9B}.Debug|Any CPU.ActiveCfg = Debug|Any CPU
		{C63B6C30-7D00-4367-9B48-DF06232D3E9B}.Debug|Any CPU.Build.0 = Debug|Any CPU
		{C63B6C30-7D00-4367-9B48-DF06232D3E9B}.Release|Any CPU.ActiveCfg = Release|Any CPU
		{C63B6C30-7D00-4367-9B48-DF06232D3E9B}.Release|Any CPU.Build.0 = Release|Any CPU
		{F3C3F693-3D23-46B2-9CF7-88A865EFC39F}.Debug|Any CPU.ActiveCfg = Debug|Any CPU
		{F3C3F693-3D23-46B2-9CF7-88A865EFC39F}.Debug|Any CPU.Build.0 = Debug|Any CPU
		{F3C3F693-3D23-46B2-9CF7-88A865EFC39F}.Release|Any CPU.ActiveCfg = Release|Any CPU
		{F3C3F693-3D23-46B2-9CF7-88A865EFC39F}.Release|Any CPU.Build.0 = Release|Any CPU
		{290D3D2C-51B2-4286-B3EF-47F3C7607F20}.Debug|Any CPU.ActiveCfg = Debug|Any CPU
		{290D3D2C-51B2-4286-B3EF-47F3C7607F20}.Debug|Any CPU.Build.0 = Debug|Any CPU
		{290D3D2C-51B2-4286-B3EF-47F3C7607F20}.Release|Any CPU.ActiveCfg = Release|Any CPU
		{290D3D2C-51B2-4286-B3EF-47F3C7607F20}.Release|Any CPU.Build.0 = Release|Any CPU
	EndGlobalSection
	GlobalSection(SolutionProperties) = preSolution
		HideSolutionNode = FALSE
	EndGlobalSection
EndGlobal
