
Microsoft Visual Studio Solution File, Format Version 12.00
# Visual Studio 2012
Project("{2150E333-8FDC-42A3-9474-1A3956D46DE8}") = ".nuget", ".nuget", "{37143218-7E72-4A96-AC02-A5A1712B5DB2}"
	ProjectSection(SolutionItems) = preProject
		.nuget\NuGet.Config = .nuget\NuGet.Config
		.nuget\nuget.exe = .nuget\nuget.exe
		.nuget\NuGet.targets = .nuget\NuGet.targets
	EndProjectSection
EndProject
Project("{EDCC3B85-0BAD-11DB-BC1A-00112FDE8B61}") = "NemerleWeb", "NemerleWeb\NemerleWeb.nproj", "{B1635FEA-C0CD-4C8E-A18E-D97D59F21B14}"
EndProject
Project("{EDCC3B85-0BAD-11DB-BC1A-00112FDE8B61}") = "NemerleWeb.Macros", "NemerleWeb.Macros\NemerleWeb.Macros.nproj", "{B1454534-CABD-4ABE-CC8E-DDFF34F51B14}"
EndProject
Project("{EDCC3B85-0BAD-11DB-BC1A-00112FDE8B61}") = "NemerleWeb.SC2Score", "NemerleWeb.SC2Score\NemerleWeb.SC2Score.nproj", "{528E84E5-86EE-4771-B8F9-EE3373629D93}"
EndProject
Project("{EDCC3B85-0BAD-11DB-BC1A-00112FDE8B61}") = "TSParser", "TSParser\TSParser.nproj", "{ABCBBBEA-C0CD-4C8E-A18E-D97D59F21B14}"
EndProject
Project("{EDCC3B85-0BAD-11DB-BC1A-00112FDE8B61}") = "NemerleWeb.TypedJS", "NemerleWeb.TypedJS\NemerleWeb.TypedJS.nproj", "{65C01C91-F57A-4281-B09F-15BAA5AC3CC6}"
EndProject
Global
	GlobalSection(SolutionConfigurationPlatforms) = preSolution
		Debug|Any CPU = Debug|Any CPU
		Debug|Mixed Platforms = Debug|Mixed Platforms
		Release|Any CPU = Release|Any CPU
		Release|Mixed Platforms = Release|Mixed Platforms
	EndGlobalSection
	GlobalSection(ProjectConfigurationPlatforms) = postSolution
		{B1635FEA-C0CD-4C8E-A18E-D97D59F21B14}.Debug|Any CPU.ActiveCfg = Debug|Any CPU
		{B1635FEA-C0CD-4C8E-A18E-D97D59F21B14}.Debug|Any CPU.Build.0 = Debug|Any CPU
		{B1635FEA-C0CD-4C8E-A18E-D97D59F21B14}.Debug|Mixed Platforms.ActiveCfg = Debug|Any CPU
		{B1635FEA-C0CD-4C8E-A18E-D97D59F21B14}.Debug|Mixed Platforms.Build.0 = Debug|Any CPU
		{B1635FEA-C0CD-4C8E-A18E-D97D59F21B14}.Release|Any CPU.ActiveCfg = Release|Any CPU
		{B1635FEA-C0CD-4C8E-A18E-D97D59F21B14}.Release|Any CPU.Build.0 = Release|Any CPU
		{B1635FEA-C0CD-4C8E-A18E-D97D59F21B14}.Release|Mixed Platforms.ActiveCfg = Release|Any CPU
		{B1635FEA-C0CD-4C8E-A18E-D97D59F21B14}.Release|Mixed Platforms.Build.0 = Release|Any CPU
		{B1454534-CABD-4ABE-CC8E-DDFF34F51B14}.Debug|Any CPU.ActiveCfg = Debug|Any CPU
		{B1454534-CABD-4ABE-CC8E-DDFF34F51B14}.Debug|Any CPU.Build.0 = Debug|Any CPU
		{B1454534-CABD-4ABE-CC8E-DDFF34F51B14}.Debug|Mixed Platforms.ActiveCfg = Debug|Any CPU
		{B1454534-CABD-4ABE-CC8E-DDFF34F51B14}.Debug|Mixed Platforms.Build.0 = Debug|Any CPU
		{B1454534-CABD-4ABE-CC8E-DDFF34F51B14}.Release|Any CPU.ActiveCfg = Release|Any CPU
		{B1454534-CABD-4ABE-CC8E-DDFF34F51B14}.Release|Any CPU.Build.0 = Release|Any CPU
		{B1454534-CABD-4ABE-CC8E-DDFF34F51B14}.Release|Mixed Platforms.ActiveCfg = Release|Any CPU
		{B1454534-CABD-4ABE-CC8E-DDFF34F51B14}.Release|Mixed Platforms.Build.0 = Release|Any CPU
		{528E84E5-86EE-4771-B8F9-EE3373629D93}.Debug|Any CPU.ActiveCfg = Debug|Any CPU
		{528E84E5-86EE-4771-B8F9-EE3373629D93}.Debug|Any CPU.Build.0 = Debug|Any CPU
		{528E84E5-86EE-4771-B8F9-EE3373629D93}.Debug|Mixed Platforms.ActiveCfg = Debug|Any CPU
		{528E84E5-86EE-4771-B8F9-EE3373629D93}.Debug|Mixed Platforms.Build.0 = Debug|Any CPU
		{528E84E5-86EE-4771-B8F9-EE3373629D93}.Release|Any CPU.ActiveCfg = Release|Any CPU
		{528E84E5-86EE-4771-B8F9-EE3373629D93}.Release|Any CPU.Build.0 = Release|Any CPU
		{528E84E5-86EE-4771-B8F9-EE3373629D93}.Release|Mixed Platforms.ActiveCfg = Release|Any CPU
		{528E84E5-86EE-4771-B8F9-EE3373629D93}.Release|Mixed Platforms.Build.0 = Release|Any CPU
		{ABCBBBEA-C0CD-4C8E-A18E-D97D59F21B14}.Debug|Any CPU.ActiveCfg = Debug|Any CPU
		{ABCBBBEA-C0CD-4C8E-A18E-D97D59F21B14}.Debug|Any CPU.Build.0 = Debug|Any CPU
		{ABCBBBEA-C0CD-4C8E-A18E-D97D59F21B14}.Debug|Mixed Platforms.ActiveCfg = Debug|Any CPU
		{ABCBBBEA-C0CD-4C8E-A18E-D97D59F21B14}.Debug|Mixed Platforms.Build.0 = Debug|Any CPU
		{ABCBBBEA-C0CD-4C8E-A18E-D97D59F21B14}.Release|Any CPU.ActiveCfg = Release|Any CPU
		{ABCBBBEA-C0CD-4C8E-A18E-D97D59F21B14}.Release|Any CPU.Build.0 = Release|Any CPU
		{ABCBBBEA-C0CD-4C8E-A18E-D97D59F21B14}.Release|Mixed Platforms.ActiveCfg = Release|Any CPU
		{ABCBBBEA-C0CD-4C8E-A18E-D97D59F21B14}.Release|Mixed Platforms.Build.0 = Release|Any CPU
		{65C01C91-F57A-4281-B09F-15BAA5AC3CC6}.Debug|Any CPU.ActiveCfg = Debug|Any CPU
		{65C01C91-F57A-4281-B09F-15BAA5AC3CC6}.Debug|Any CPU.Build.0 = Debug|Any CPU
		{65C01C91-F57A-4281-B09F-15BAA5AC3CC6}.Debug|Mixed Platforms.ActiveCfg = Debug|Any CPU
		{65C01C91-F57A-4281-B09F-15BAA5AC3CC6}.Debug|Mixed Platforms.Build.0 = Debug|Any CPU
		{65C01C91-F57A-4281-B09F-15BAA5AC3CC6}.Release|Any CPU.ActiveCfg = Release|Any CPU
		{65C01C91-F57A-4281-B09F-15BAA5AC3CC6}.Release|Any CPU.Build.0 = Release|Any CPU
		{65C01C91-F57A-4281-B09F-15BAA5AC3CC6}.Release|Mixed Platforms.ActiveCfg = Release|Any CPU
		{65C01C91-F57A-4281-B09F-15BAA5AC3CC6}.Release|Mixed Platforms.Build.0 = Release|Any CPU
	EndGlobalSection
	GlobalSection(SolutionProperties) = preSolution
		HideSolutionNode = FALSE
	EndGlobalSection
EndGlobal
