
Microsoft Visual Studio Solution File, Format Version 12.00
# Visual Studio 2012
Project("{EDCC3B85-0BAD-11DB-BC1A-00112FDE8B61}") = "NemerleWeb.Website", "NemerleWeb.Website\NemerleWeb.Website.nproj", "{528E84E5-86EE-4771-B8F9-EE3373629D93}"
EndProject
Global
	GlobalSection(SolutionConfigurationPlatforms) = preSolution
		Debug|Any CPU = Debug|Any CPU
		Release|Any CPU = Release|Any CPU
	EndGlobalSection
	GlobalSection(ProjectConfigurationPlatforms) = postSolution
		{528E84E5-86EE-4771-B8F9-EE3373629D93}.Debug|Any CPU.ActiveCfg = Debug|Any CPU
		{528E84E5-86EE-4771-B8F9-EE3373629D93}.Debug|Any CPU.Build.0 = Debug|Any CPU
		{528E84E5-86EE-4771-B8F9-EE3373629D93}.Release|Any CPU.ActiveCfg = Release|Any CPU
		{528E84E5-86EE-4771-B8F9-EE3373629D93}.Release|Any CPU.Build.0 = Release|Any CPU
	EndGlobalSection
	GlobalSection(SolutionProperties) = preSolution
		HideSolutionNode = FALSE
	EndGlobalSection
EndGlobal
